// !$*UTF8*$!
{
	archiveVersion = 1;
	classes = {
	};
	objectVersion = 50;
	objects = {

/* Begin PBXBuildFile section */
		E4CB0CDB26EA7D5400BB09CF /* AppDelegate.swift in Sources */ = {isa = PBXBuildFile; fileRef = E4CB0CDA26EA7D5400BB09CF /* AppDelegate.swift */; };
		E4CB0CDD26EA7D5400BB09CF /* SceneDelegate.swift in Sources */ = {isa = PBXBuildFile; fileRef = E4CB0CDC26EA7D5400BB09CF /* SceneDelegate.swift */; };
		E4CB0CDF26EA7D5400BB09CF /* ViewController.swift in Sources */ = {isa = PBXBuildFile; fileRef = E4CB0CDE26EA7D5400BB09CF /* ViewController.swift */; };
		E4CB0CE226EA7D5400BB09CF /* Main.storyboard in Resources */ = {isa = PBXBuildFile; fileRef = E4CB0CE026EA7D5400BB09CF /* Main.storyboard */; };
		E4CB0CE426EA7D5600BB09CF /* Assets.xcassets in Resources */ = {isa = PBXBuildFile; fileRef = E4CB0CE326EA7D5600BB09CF /* Assets.xcassets */; };
		E4CB0CE726EA7D5600BB09CF /* LaunchScreen.storyboard in Resources */ = {isa = PBXBuildFile; fileRef = E4CB0CE526EA7D5600BB09CF /* LaunchScreen.storyboard */; };
		E4CB0CF226EA7D5700BB09CF /* exercise_1Tests.swift in Sources */ = {isa = PBXBuildFile; fileRef = E4CB0CF126EA7D5700BB09CF /* exercise_1Tests.swift */; };
		E4CB0CFD26EA7D5700BB09CF /* exercise_1UITests.swift in Sources */ = {isa = PBXBuildFile; fileRef = E4CB0CFC26EA7D5700BB09CF /* exercise_1UITests.swift */; };
/* End PBXBuildFile section */

/* Begin PBXContainerItemProxy section */
		E4CB0CEE26EA7D5700BB09CF /* PBXContainerItemProxy */ = {
			isa = PBXContainerItemProxy;
			containerPortal = E4CB0CCF26EA7D5400BB09CF /* Project object */;
			proxyType = 1;
			remoteGlobalIDString = E4CB0CD626EA7D5400BB09CF;
			remoteInfo = "exercise-1";
		};
		E4CB0CF926EA7D5700BB09CF /* PBXContainerItemProxy */ = {
			isa = PBXContainerItemProxy;
			containerPortal = E4CB0CCF26EA7D5400BB09CF /* Project object */;
			proxyType = 1;
			remoteGlobalIDString = E4CB0CD626EA7D5400BB09CF;
			remoteInfo = "exercise-1";
		};
/* End PBXContainerItemProxy section */

/* Begin PBXFileReference section */
		E4CB0CD726EA7D5400BB09CF /* exercise-1.app */ = {isa = PBXFileReference; explicitFileType = wrapper.application; includeInIndex = 0; path = "exercise-1.app"; sourceTree = BUILT_PRODUCTS_DIR; };
		E4CB0CDA26EA7D5400BB09CF /* AppDelegate.swift */ = {isa = PBXFileReference; lastKnownFileType = sourcecode.swift; path = AppDelegate.swift; sourceTree = "<group>"; };
		E4CB0CDC26EA7D5400BB09CF /* SceneDelegate.swift */ = {isa = PBXFileReference; lastKnownFileType = sourcecode.swift; path = SceneDelegate.swift; sourceTree = "<group>"; };
		E4CB0CDE26EA7D5400BB09CF /* ViewController.swift */ = {isa = PBXFileReference; lastKnownFileType = sourcecode.swift; path = ViewController.swift; sourceTree = "<group>"; };
		E4CB0CE126EA7D5400BB09CF /* Base */ = {isa = PBXFileReference; lastKnownFileType = file.storyboard; name = Base; path = Base.lproj/Main.storyboard; sourceTree = "<group>"; };
		E4CB0CE326EA7D5600BB09CF /* Assets.xcassets */ = {isa = PBXFileReference; lastKnownFileType = folder.assetcatalog; path = Assets.xcassets; sourceTree = "<group>"; };
		E4CB0CE626EA7D5600BB09CF /* Base */ = {isa = PBXFileReference; lastKnownFileType = file.storyboard; name = Base; path = Base.lproj/LaunchScreen.storyboard; sourceTree = "<group>"; };
		E4CB0CE826EA7D5600BB09CF /* Info.plist */ = {isa = PBXFileReference; lastKnownFileType = text.plist.xml; path = Info.plist; sourceTree = "<group>"; };
		E4CB0CED26EA7D5700BB09CF /* exercise-1Tests.xctest */ = {isa = PBXFileReference; explicitFileType = wrapper.cfbundle; includeInIndex = 0; path = "exercise-1Tests.xctest"; sourceTree = BUILT_PRODUCTS_DIR; };
		E4CB0CF126EA7D5700BB09CF /* exercise_1Tests.swift */ = {isa = PBXFileReference; lastKnownFileType = sourcecode.swift; path = exercise_1Tests.swift; sourceTree = "<group>"; };
		E4CB0CF326EA7D5700BB09CF /* Info.plist */ = {isa = PBXFileReference; lastKnownFileType = text.plist.xml; path = Info.plist; sourceTree = "<group>"; };
		E4CB0CF826EA7D5700BB09CF /* exercise-1UITests.xctest */ = {isa = PBXFileReference; explicitFileType = wrapper.cfbundle; includeInIndex = 0; path = "exercise-1UITests.xctest"; sourceTree = BUILT_PRODUCTS_DIR; };
		E4CB0CFC26EA7D5700BB09CF /* exercise_1UITests.swift */ = {isa = PBXFileReference; lastKnownFileType = sourcecode.swift; path = exercise_1UITests.swift; sourceTree = "<group>"; };
		E4CB0CFE26EA7D5700BB09CF /* Info.plist */ = {isa = PBXFileReference; lastKnownFileType = text.plist.xml; path = Info.plist; sourceTree = "<group>"; };
/* End PBXFileReference section */

/* Begin PBXFrameworksBuildPhase section */
		E4CB0CD426EA7D5400BB09CF /* Frameworks */ = {
			isa = PBXFrameworksBuildPhase;
			buildActionMask = 2147483647;
			files = (
			);
			runOnlyForDeploymentPostprocessing = 0;
		};
		E4CB0CEA26EA7D5700BB09CF /* Frameworks */ = {
			isa = PBXFrameworksBuildPhase;
			buildActionMask = 2147483647;
			files = (
			);
			runOnlyForDeploymentPostprocessing = 0;
		};
		E4CB0CF526EA7D5700BB09CF /* Frameworks */ = {
			isa = PBXFrameworksBuildPhase;
			buildActionMask = 2147483647;
			files = (
			);
			runOnlyForDeploymentPostprocessing = 0;
		};
/* End PBXFrameworksBuildPhase section */

/* Begin PBXGroup section */
		E4CB0CCE26EA7D5400BB09CF = {
			isa = PBXGroup;
			children = (
				E4CB0CD926EA7D5400BB09CF /* exercise-1 */,
				E4CB0CF026EA7D5700BB09CF /* exercise-1Tests */,
				E4CB0CFB26EA7D5700BB09CF /* exercise-1UITests */,
				E4CB0CD826EA7D5400BB09CF /* Products */,
			);
			sourceTree = "<group>";
		};
		E4CB0CD826EA7D5400BB09CF /* Products */ = {
			isa = PBXGroup;
			children = (
				E4CB0CD726EA7D5400BB09CF /* exercise-1.app */,
				E4CB0CED26EA7D5700BB09CF /* exercise-1Tests.xctest */,
				E4CB0CF826EA7D5700BB09CF /* exercise-1UITests.xctest */,
			);
			name = Products;
			sourceTree = "<group>";
		};
		E4CB0CD926EA7D5400BB09CF /* exercise-1 */ = {
			isa = PBXGroup;
			children = (
				E4CB0CDA26EA7D5400BB09CF /* AppDelegate.swift */,
				E4CB0CDC26EA7D5400BB09CF /* SceneDelegate.swift */,
				E4CB0CDE26EA7D5400BB09CF /* ViewController.swift */,
				E4CB0CE026EA7D5400BB09CF /* Main.storyboard */,
				E4CB0CE326EA7D5600BB09CF /* Assets.xcassets */,
				E4CB0CE526EA7D5600BB09CF /* LaunchScreen.storyboard */,
				E4CB0CE826EA7D5600BB09CF /* Info.plist */,
			);
			path = "exercise-1";
			sourceTree = "<group>";
		};
		E4CB0CF026EA7D5700BB09CF /* exercise-1Tests */ = {
			isa = PBXGroup;
			children = (
				E4CB0CF126EA7D5700BB09CF /* exercise_1Tests.swift */,
				E4CB0CF326EA7D5700BB09CF /* Info.plist */,
			);
			path = "exercise-1Tests";
			sourceTree = "<group>";
		};
		E4CB0CFB26EA7D5700BB09CF /* exercise-1UITests */ = {
			isa = PBXGroup;
			children = (
				E4CB0CFC26EA7D5700BB09CF /* exercise_1UITests.swift */,
				E4CB0CFE26EA7D5700BB09CF /* Info.plist */,
			);
			path = "exercise-1UITests";
			sourceTree = "<group>";
		};
/* End PBXGroup section */

/* Begin PBXNativeTarget section */
		E4CB0CD626EA7D5400BB09CF /* exercise-1 */ = {
			isa = PBXNativeTarget;
			buildConfigurationList = E4CB0D0126EA7D5700BB09CF /* Build configuration list for PBXNativeTarget "exercise-1" */;
			buildPhases = (
				E4CB0CD326EA7D5400BB09CF /* Sources */,
				E4CB0CD426EA7D5400BB09CF /* Frameworks */,
				E4CB0CD526EA7D5400BB09CF /* Resources */,
			);
			buildRules = (
			);
			dependencies = (
			);
			name = "exercise-1";
			productName = "exercise-1";
			productReference = E4CB0CD726EA7D5400BB09CF /* exercise-1.app */;
			productType = "com.apple.product-type.application";
		};
		E4CB0CEC26EA7D5700BB09CF /* exercise-1Tests */ = {
			isa = PBXNativeTarget;
			buildConfigurationList = E4CB0D0426EA7D5700BB09CF /* Build configuration list for PBXNativeTarget "exercise-1Tests" */;
			buildPhases = (
				E4CB0CE926EA7D5700BB09CF /* Sources */,
				E4CB0CEA26EA7D5700BB09CF /* Frameworks */,
				E4CB0CEB26EA7D5700BB09CF /* Resources */,
			);
			buildRules = (
			);
			dependencies = (
				E4CB0CEF26EA7D5700BB09CF /* PBXTargetDependency */,
			);
			name = "exercise-1Tests";
			productName = "exercise-1Tests";
			productReference = E4CB0CED26EA7D5700BB09CF /* exercise-1Tests.xctest */;
			productType = "com.apple.product-type.bundle.unit-test";
		};
		E4CB0CF726EA7D5700BB09CF /* exercise-1UITests */ = {
			isa = PBXNativeTarget;
			buildConfigurationList = E4CB0D0726EA7D5700BB09CF /* Build configuration list for PBXNativeTarget "exercise-1UITests" */;
			buildPhases = (
				E4CB0CF426EA7D5700BB09CF /* Sources */,
				E4CB0CF526EA7D5700BB09CF /* Frameworks */,
				E4CB0CF626EA7D5700BB09CF /* Resources */,
			);
			buildRules = (
			);
			dependencies = (
				E4CB0CFA26EA7D5700BB09CF /* PBXTargetDependency */,
			);
			name = "exercise-1UITests";
			productName = "exercise-1UITests";
			productReference = E4CB0CF826EA7D5700BB09CF /* exercise-1UITests.xctest */;
			productType = "com.apple.product-type.bundle.ui-testing";
		};
/* End PBXNativeTarget section */

/* Begin PBXProject section */
		E4CB0CCF26EA7D5400BB09CF /* Project object */ = {
			isa = PBXProject;
			attributes = {
				LastSwiftUpdateCheck = 1250;
				LastUpgradeCheck = 1250;
				TargetAttributes = {
					E4CB0CD626EA7D5400BB09CF = {
						CreatedOnToolsVersion = 12.5.1;
					};
					E4CB0CEC26EA7D5700BB09CF = {
						CreatedOnToolsVersion = 12.5.1;
						TestTargetID = E4CB0CD626EA7D5400BB09CF;
					};
					E4CB0CF726EA7D5700BB09CF = {
						CreatedOnToolsVersion = 12.5.1;
						TestTargetID = E4CB0CD626EA7D5400BB09CF;
					};
				};
			};
			buildConfigurationList = E4CB0CD226EA7D5400BB09CF /* Build configuration list for PBXProject "exercise-1" */;
			compatibilityVersion = "Xcode 9.3";
			developmentRegion = en;
			hasScannedForEncodings = 0;
			knownRegions = (
				en,
				Base,
			);
			mainGroup = E4CB0CCE26EA7D5400BB09CF;
			productRefGroup = E4CB0CD826EA7D5400BB09CF /* Products */;
			projectDirPath = "";
			projectRoot = "";
			targets = (
				E4CB0CD626EA7D5400BB09CF /* exercise-1 */,
				E4CB0CEC26EA7D5700BB09CF /* exercise-1Tests */,
				E4CB0CF726EA7D5700BB09CF /* exercise-1UITests */,
			);
		};
/* End PBXProject section */

/* Begin PBXResourcesBuildPhase section */
		E4CB0CD526EA7D5400BB09CF /* Resources */ = {
			isa = PBXResourcesBuildPhase;
			buildActionMask = 2147483647;
			files = (
				E4CB0CE726EA7D5600BB09CF /* LaunchScreen.storyboard in Resources */,
				E4CB0CE426EA7D5600BB09CF /* Assets.xcassets in Resources */,
				E4CB0CE226EA7D5400BB09CF /* Main.storyboard in Resources */,
			);
			runOnlyForDeploymentPostprocessing = 0;
		};
		E4CB0CEB26EA7D5700BB09CF /* Resources */ = {
			isa = PBXResourcesBuildPhase;
			buildActionMask = 2147483647;
			files = (
			);
			runOnlyForDeploymentPostprocessing = 0;
		};
		E4CB0CF626EA7D5700BB09CF /* Resources */ = {
			isa = PBXResourcesBuildPhase;
			buildActionMask = 2147483647;
			files = (
			);
			runOnlyForDeploymentPostprocessing = 0;
		};
/* End PBXResourcesBuildPhase section */

/* Begin PBXSourcesBuildPhase section */
		E4CB0CD326EA7D5400BB09CF /* Sources */ = {
			isa = PBXSourcesBuildPhase;
			buildActionMask = 2147483647;
			files = (
				E4CB0CDF26EA7D5400BB09CF /* ViewController.swift in Sources */,
				E4CB0CDB26EA7D5400BB09CF /* AppDelegate.swift in Sources */,
				E4CB0CDD26EA7D5400BB09CF /* SceneDelegate.swift in Sources */,
			);
			runOnlyForDeploymentPostprocessing = 0;
		};
		E4CB0CE926EA7D5700BB09CF /* Sources */ = {
			isa = PBXSourcesBuildPhase;
			buildActionMask = 2147483647;
			files = (
				E4CB0CF226EA7D5700BB09CF /* exercise_1Tests.swift in Sources */,
			);
			runOnlyForDeploymentPostprocessing = 0;
		};
		E4CB0CF426EA7D5700BB09CF /* Sources */ = {
			isa = PBXSourcesBuildPhase;
			buildActionMask = 2147483647;
			files = (
				E4CB0CFD26EA7D5700BB09CF /* exercise_1UITests.swift in Sources */,
			);
			runOnlyForDeploymentPostprocessing = 0;
		};
/* End PBXSourcesBuildPhase section */

/* Begin PBXTargetDependency section */
		E4CB0CEF26EA7D5700BB09CF /* PBXTargetDependency */ = {
			isa = PBXTargetDependency;
			target = E4CB0CD626EA7D5400BB09CF /* exercise-1 */;
			targetProxy = E4CB0CEE26EA7D5700BB09CF /* PBXContainerItemProxy */;
		};
		E4CB0CFA26EA7D5700BB09CF /* PBXTargetDependency */ = {
			isa = PBXTargetDependency;
			target = E4CB0CD626EA7D5400BB09CF /* exercise-1 */;
			targetProxy = E4CB0CF926EA7D5700BB09CF /* PBXContainerItemProxy */;
		};
/* End PBXTargetDependency section */

/* Begin PBXVariantGroup section */
		E4CB0CE026EA7D5400BB09CF /* Main.storyboard */ = {
			isa = PBXVariantGroup;
			children = (
				E4CB0CE126EA7D5400BB09CF /* Base */,
			);
			name = Main.storyboard;
			sourceTree = "<group>";
		};
		E4CB0CE526EA7D5600BB09CF /* LaunchScreen.storyboard */ = {
			isa = PBXVariantGroup;
			children = (
				E4CB0CE626EA7D5600BB09CF /* Base */,
			);
			name = LaunchScreen.storyboard;
			sourceTree = "<group>";
		};
/* End PBXVariantGroup section */

/* Begin XCBuildConfiguration section */
		E4CB0CFF26EA7D5700BB09CF /* Debug */ = {
			isa = XCBuildConfiguration;
			buildSettings = {
				ALWAYS_SEARCH_USER_PATHS = NO;
				CLANG_ANALYZER_NONNULL = YES;
				CLANG_ANALYZER_NUMBER_OBJECT_CONVERSION = YES_AGGRESSIVE;
				CLANG_CXX_LANGUAGE_STANDARD = "gnu++14";
				CLANG_CXX_LIBRARY = "libc++";
				CLANG_ENABLE_MODULES = YES;
				CLANG_ENABLE_OBJC_ARC = YES;
				CLANG_ENABLE_OBJC_WEAK = YES;
				CLANG_WARN_BLOCK_CAPTURE_AUTORELEASING = YES;
				CLANG_WARN_BOOL_CONVERSION = YES;
				CLANG_WARN_COMMA = YES;
				CLANG_WARN_CONSTANT_CONVERSION = YES;
				CLANG_WARN_DEPRECATED_OBJC_IMPLEMENTATIONS = YES;
				CLANG_WARN_DIRECT_OBJC_ISA_USAGE = YES_ERROR;
				CLANG_WARN_DOCUMENTATION_COMMENTS = YES;
				CLANG_WARN_EMPTY_BODY = YES;
				CLANG_WARN_ENUM_CONVERSION = YES;
				CLANG_WARN_INFINITE_RECURSION = YES;
				CLANG_WARN_INT_CONVERSION = YES;
				CLANG_WARN_NON_LITERAL_NULL_CONVERSION = YES;
				CLANG_WARN_OBJC_IMPLICIT_RETAIN_SELF = YES;
				CLANG_WARN_OBJC_LITERAL_CONVERSION = YES;
				CLANG_WARN_OBJC_ROOT_CLASS = YES_ERROR;
				CLANG_WARN_QUOTED_INCLUDE_IN_FRAMEWORK_HEADER = YES;
				CLANG_WARN_RANGE_LOOP_ANALYSIS = YES;
				CLANG_WARN_STRICT_PROTOTYPES = YES;
				CLANG_WARN_SUSPICIOUS_MOVE = YES;
				CLANG_WARN_UNGUARDED_AVAILABILITY = YES_AGGRESSIVE;
				CLANG_WARN_UNREACHABLE_CODE = YES;
				CLANG_WARN__DUPLICATE_METHOD_MATCH = YES;
				COPY_PHASE_STRIP = NO;
				DEBUG_INFORMATION_FORMAT = dwarf;
				ENABLE_STRICT_OBJC_MSGSEND = YES;
				ENABLE_TESTABILITY = YES;
				GCC_C_LANGUAGE_STANDARD = gnu11;
				GCC_DYNAMIC_NO_PIC = NO;
				GCC_NO_COMMON_BLOCKS = YES;
				GCC_OPTIMIZATION_LEVEL = 0;
				GCC_PREPROCESSOR_DEFINITIONS = (
					"DEBUG=1",
					"$(inherited)",
				);
				GCC_WARN_64_TO_32_BIT_CONVERSION = YES;
				GCC_WARN_ABOUT_RETURN_TYPE = YES_ERROR;
				GCC_WARN_UNDECLARED_SELECTOR = YES;
				GCC_WARN_UNINITIALIZED_AUTOS = YES_AGGRESSIVE;
				GCC_WARN_UNUSED_FUNCTION = YES;
				GCC_WARN_UNUSED_VARIABLE = YES;
				IPHONEOS_DEPLOYMENT_TARGET = 14.5;
				MTL_ENABLE_DEBUG_INFO = INCLUDE_SOURCE;
				MTL_FAST_MATH = YES;
				ONLY_ACTIVE_ARCH = YES;
				SDKROOT = iphoneos;
				SWIFT_ACTIVE_COMPILATION_CONDITIONS = DEBUG;
				SWIFT_OPTIMIZATION_LEVEL = "-Onone";
			};
			name = Debug;
		};
		E4CB0D0026EA7D5700BB09CF /* Release */ = {
			isa = XCBuildConfiguration;
			buildSettings = {
				ALWAYS_SEARCH_USER_PATHS = NO;
				CLANG_ANALYZER_NONNULL = YES;
				CLANG_ANALYZER_NUMBER_OBJECT_CONVERSION = YES_AGGRESSIVE;
				CLANG_CXX_LANGUAGE_STANDARD = "gnu++14";
				CLANG_CXX_LIBRARY = "libc++";
				CLANG_ENABLE_MODULES = YES;
				CLANG_ENABLE_OBJC_ARC = YES;
				CLANG_ENABLE_OBJC_WEAK = YES;
				CLANG_WARN_BLOCK_CAPTURE_AUTORELEASING = YES;
				CLANG_WARN_BOOL_CONVERSION = YES;
				CLANG_WARN_COMMA = YES;
				CLANG_WARN_CONSTANT_CONVERSION = YES;
				CLANG_WARN_DEPRECATED_OBJC_IMPLEMENTATIONS = YES;
				CLANG_WARN_DIRECT_OBJC_ISA_USAGE = YES_ERROR;
				CLANG_WARN_DOCUMENTATION_COMMENTS = YES;
				CLANG_WARN_EMPTY_BODY = YES;
				CLANG_WARN_ENUM_CONVERSION = YES;
				CLANG_WARN_INFINITE_RECURSION = YES;
				CLANG_WARN_INT_CONVERSION = YES;
				CLANG_WARN_NON_LITERAL_NULL_CONVERSION = YES;
				CLANG_WARN_OBJC_IMPLICIT_RETAIN_SELF = YES;
				CLANG_WARN_OBJC_LITERAL_CONVERSION = YES;
				CLANG_WARN_OBJC_ROOT_CLASS = YES_ERROR;
				CLANG_WARN_QUOTED_INCLUDE_IN_FRAMEWORK_HEADER = YES;
				CLANG_WARN_RANGE_LOOP_ANALYSIS = YES;
				CLANG_WARN_STRICT_PROTOTYPES = YES;
				CLANG_WARN_SUSPICIOUS_MOVE = YES;
				CLANG_WARN_UNGUARDED_AVAILABILITY = YES_AGGRESSIVE;
				CLANG_WARN_UNREACHABLE_CODE = YES;
				CLANG_WARN__DUPLICATE_METHOD_MATCH = YES;
				COPY_PHASE_STRIP = NO;
				DEBUG_INFORMATION_FORMAT = "dwarf-with-dsym";
				ENABLE_NS_ASSERTIONS = NO;
				ENABLE_STRICT_OBJC_MSGSEND = YES;
				GCC_C_LANGUAGE_STANDARD = gnu11;
				GCC_NO_COMMON_BLOCKS = YES;
				GCC_WARN_64_TO_32_BIT_CONVERSION = YES;
				GCC_WARN_ABOUT_RETURN_TYPE = YES_ERROR;
				GCC_WARN_UNDECLARED_SELECTOR = YES;
				GCC_WARN_UNINITIALIZED_AUTOS = YES_AGGRESSIVE;
				GCC_WARN_UNUSED_FUNCTION = YES;
				GCC_WARN_UNUSED_VARIABLE = YES;
				IPHONEOS_DEPLOYMENT_TARGET = 14.5;
				MTL_ENABLE_DEBUG_INFO = NO;
				MTL_FAST_MATH = YES;
				SDKROOT = iphoneos;
				SWIFT_COMPILATION_MODE = wholemodule;
				SWIFT_OPTIMIZATION_LEVEL = "-O";
				VALIDATE_PRODUCT = YES;
			};
			name = Release;
		};
		E4CB0D0226EA7D5700BB09CF /* Debug */ = {
			isa = XCBuildConfiguration;
			buildSettings = {
				ASSETCATALOG_COMPILER_APPICON_NAME = AppIcon;
				ASSETCATALOG_COMPILER_GLOBAL_ACCENT_COLOR_NAME = AccentColor;
				CODE_SIGN_STYLE = Automatic;
				DEVELOPMENT_TEAM = 46S6KZR3H2;
				INFOPLIST_FILE = "exercise-1/Info.plist";
				LD_RUNPATH_SEARCH_PATHS = (
					"$(inherited)",
					"@executable_path/Frameworks",
				);
				PRODUCT_BUNDLE_IDENTIFIER = "chris-botelho-isenberg.exercise-1";
				PRODUCT_NAME = "$(TARGET_NAME)";
				SWIFT_VERSION = 5.0;
				TARGETED_DEVICE_FAMILY = "1,2";
			};
			name = Debug;
		};
		E4CB0D0326EA7D5700BB09CF /* Release */ = {
			isa = XCBuildConfiguration;
			buildSettings = {
				ASSETCATALOG_COMPILER_APPICON_NAME = AppIcon;
				ASSETCATALOG_COMPILER_GLOBAL_ACCENT_COLOR_NAME = AccentColor;
				CODE_SIGN_STYLE = Automatic;
				DEVELOPMENT_TEAM = 46S6KZR3H2;
				INFOPLIST_FILE = "exercise-1/Info.plist";
				LD_RUNPATH_SEARCH_PATHS = (
					"$(inherited)",
					"@executable_path/Frameworks",
				);
				PRODUCT_BUNDLE_IDENTIFIER = "chris-botelho-isenberg.exercise-1";
				PRODUCT_NAME = "$(TARGET_NAME)";
				SWIFT_VERSION = 5.0;
				TARGETED_DEVICE_FAMILY = "1,2";
			};
			name = Release;
		};
		E4CB0D0526EA7D5700BB09CF /* Debug */ = {
			isa = XCBuildConfiguration;
			buildSettings = {
				ALWAYS_EMBED_SWIFT_STANDARD_LIBRARIES = YES;
				BUNDLE_LOADER = "$(TEST_HOST)";
				CODE_SIGN_STYLE = Automatic;
				DEVELOPMENT_TEAM = 46S6KZR3H2;
				INFOPLIST_FILE = "exercise-1Tests/Info.plist";
				IPHONEOS_DEPLOYMENT_TARGET = 14.5;
				LD_RUNPATH_SEARCH_PATHS = (
					"$(inherited)",
					"@executable_path/Frameworks",
					"@loader_path/Frameworks",
				);
				PRODUCT_BUNDLE_IDENTIFIER = "chris-botelho-isenberg.exercise-1Tests";
				PRODUCT_NAME = "$(TARGET_NAME)";
				SWIFT_VERSION = 5.0;
				TARGETED_DEVICE_FAMILY = "1,2";
				TEST_HOST = "$(BUILT_PRODUCTS_DIR)/exercise-1.app/exercise-1";
			};
			name = Debug;
		};
		E4CB0D0626EA7D5700BB09CF /* Release */ = {
			isa = XCBuildConfiguration;
			buildSettings = {
				ALWAYS_EMBED_SWIFT_STANDARD_LIBRARIES = YES;
				BUNDLE_LOADER = "$(TEST_HOST)";
				CODE_SIGN_STYLE = Automatic;
				DEVELOPMENT_TEAM = 46S6KZR3H2;
				INFOPLIST_FILE = "exercise-1Tests/Info.plist";
				IPHONEOS_DEPLOYMENT_TARGET = 14.5;
				LD_RUNPATH_SEARCH_PATHS = (
					"$(inherited)",
					"@executable_path/Frameworks",
					"@loader_path/Frameworks",
				);
				PRODUCT_BUNDLE_IDENTIFIER = "chris-botelho-isenberg.exercise-1Tests";
				PRODUCT_NAME = "$(TARGET_NAME)";
				SWIFT_VERSION = 5.0;
				TARGETED_DEVICE_FAMILY = "1,2";
				TEST_HOST = "$(BUILT_PRODUCTS_DIR)/exercise-1.app/exercise-1";
			};
			name = Release;
		};
		E4CB0D0826EA7D5700BB09CF /* Debug */ = {
			isa = XCBuildConfiguration;
			buildSettings = {
				ALWAYS_EMBED_SWIFT_STANDARD_LIBRARIES = YES;
				CODE_SIGN_STYLE = Automatic;
				DEVELOPMENT_TEAM = 46S6KZR3H2;
				INFOPLIST_FILE = "exercise-1UITests/Info.plist";
				LD_RUNPATH_SEARCH_PATHS = (
					"$(inherited)",
					"@executable_path/Frameworks",
					"@loader_path/Frameworks",
				);
				PRODUCT_BUNDLE_IDENTIFIER = "chris-botelho-isenberg.exercise-1UITests";
				PRODUCT_NAME = "$(TARGET_NAME)";
				SWIFT_VERSION = 5.0;
				TARGETED_DEVICE_FAMILY = "1,2";
				TEST_TARGET_NAME = "exercise-1";
			};
			name = Debug;
		};
		E4CB0D0926EA7D5700BB09CF /* Release */ = {
			isa = XCBuildConfiguration;
			buildSettings = {
				ALWAYS_EMBED_SWIFT_STANDARD_LIBRARIES = YES;
				CODE_SIGN_STYLE = Automatic;
				DEVELOPMENT_TEAM = 46S6KZR3H2;
				INFOPLIST_FILE = "exercise-1UITests/Info.plist";
				LD_RUNPATH_SEARCH_PATHS = (
					"$(inherited)",
					"@executable_path/Frameworks",
					"@loader_path/Frameworks",
				);
				PRODUCT_BUNDLE_IDENTIFIER = "chris-botelho-isenberg.exercise-1UITests";
				PRODUCT_NAME = "$(TARGET_NAME)";
				SWIFT_VERSION = 5.0;
				TARGETED_DEVICE_FAMILY = "1,2";
				TEST_TARGET_NAME = "exercise-1";
			};
			name = Release;
		};
/* End XCBuildConfiguration section */

/* Begin XCConfigurationList section */
		E4CB0CD226EA7D5400BB09CF /* Build configuration list for PBXProject "exercise-1" */ = {
			isa = XCConfigurationList;
			buildConfigurations = (
				E4CB0CFF26EA7D5700BB09CF /* Debug */,
				E4CB0D0026EA7D5700BB09CF /* Release */,
			);
			defaultConfigurationIsVisible = 0;
			defaultConfigurationName = Release;
		};
		E4CB0D0126EA7D5700BB09CF /* Build configuration list for PBXNativeTarget "exercise-1" */ = {
			isa = XCConfigurationList;
			buildConfigurations = (
				E4CB0D0226EA7D5700BB09CF /* Debug */,
				E4CB0D0326EA7D5700BB09CF /* Release */,
			);
			defaultConfigurationIsVisible = 0;
			defaultConfigurationName = Release;
		};
		E4CB0D0426EA7D5700BB09CF /* Build configuration list for PBXNativeTarget "exercise-1Tests" */ = {
			isa = XCConfigurationList;
			buildConfigurations = (
				E4CB0D0526EA7D5700BB09CF /* Debug */,
				E4CB0D0626EA7D5700BB09CF /* Release */,
			);
			defaultConfigurationIsVisible = 0;
			defaultConfigurationName = Release;
		};
		E4CB0D0726EA7D5700BB09CF /* Build configuration list for PBXNativeTarget "exercise-1UITests" */ = {
			isa = XCConfigurationList;
			buildConfigurations = (
				E4CB0D0826EA7D5700BB09CF /* Debug */,
				E4CB0D0926EA7D5700BB09CF /* Release */,
			);
			defaultConfigurationIsVisible = 0;
			defaultConfigurationName = Release;
		};
/* End XCConfigurationList section */
	};
	rootObject = E4CB0CCF26EA7D5400BB09CF /* Project object */;
}
